
Microsoft Visual Studio Solution File, Format Version 12.00
# Visual Studio 15
VisualStudioVersion = 15.0.26124.0
MinimumVisualStudioVersion = 15.0.26124.0
Project("{FAE04EC0-301F-11D3-BF4B-00C04F79EFBC}") = "Scuttlebutt.Crypto", "Scuttlebutt.Crypto\Scuttlebutt.Crypto.csproj", "{31B221B2-014C-493B-B683-0B6498589C1A}"
EndProject
Project("{FAE04EC0-301F-11D3-BF4B-00C04F79EFBC}") = "Scuttlebutt.Crypto.Tests", "Scuttlebutt.Crypto.Tests\Scuttlebutt.Crypto.Tests.csproj", "{0759C0F0-AAED-4FCF-B180-31D03248C642}"
EndProject
Global
	GlobalSection(SolutionConfigurationPlatforms) = preSolution
		Debug|Any CPU = Debug|Any CPU
		Debug|x64 = Debug|x64
		Debug|x86 = Debug|x86
		Release|Any CPU = Release|Any CPU
		Release|x64 = Release|x64
		Release|x86 = Release|x86
	EndGlobalSection
	GlobalSection(SolutionProperties) = preSolution
		HideSolutionNode = FALSE
	EndGlobalSection
	GlobalSection(ProjectConfigurationPlatforms) = postSolution
		{31B221B2-014C-493B-B683-0B6498589C1A}.Debug|Any CPU.ActiveCfg = Debug|Any CPU
		{31B221B2-014C-493B-B683-0B6498589C1A}.Debug|Any CPU.Build.0 = Debug|Any CPU
		{31B221B2-014C-493B-B683-0B6498589C1A}.Debug|x64.ActiveCfg = Debug|Any CPU
		{31B221B2-014C-493B-B683-0B6498589C1A}.Debug|x64.Build.0 = Debug|Any CPU
		{31B221B2-014C-493B-B683-0B6498589C1A}.Debug|x86.ActiveCfg = Debug|Any CPU
		{31B221B2-014C-493B-B683-0B6498589C1A}.Debug|x86.Build.0 = Debug|Any CPU
		{31B221B2-014C-493B-B683-0B6498589C1A}.Release|Any CPU.ActiveCfg = Release|Any CPU
		{31B221B2-014C-493B-B683-0B6498589C1A}.Release|Any CPU.Build.0 = Release|Any CPU
		{31B221B2-014C-493B-B683-0B6498589C1A}.Release|x64.ActiveCfg = Release|Any CPU
		{31B221B2-014C-493B-B683-0B6498589C1A}.Release|x64.Build.0 = Release|Any CPU
		{31B221B2-014C-493B-B683-0B6498589C1A}.Release|x86.ActiveCfg = Release|Any CPU
		{31B221B2-014C-493B-B683-0B6498589C1A}.Release|x86.Build.0 = Release|Any CPU
		{0759C0F0-AAED-4FCF-B180-31D03248C642}.Debug|Any CPU.ActiveCfg = Debug|Any CPU
		{0759C0F0-AAED-4FCF-B180-31D03248C642}.Debug|Any CPU.Build.0 = Debug|Any CPU
		{0759C0F0-AAED-4FCF-B180-31D03248C642}.Debug|x64.ActiveCfg = Debug|Any CPU
		{0759C0F0-AAED-4FCF-B180-31D03248C642}.Debug|x64.Build.0 = Debug|Any CPU
		{0759C0F0-AAED-4FCF-B180-31D03248C642}.Debug|x86.ActiveCfg = Debug|Any CPU
		{0759C0F0-AAED-4FCF-B180-31D03248C642}.Debug|x86.Build.0 = Debug|Any CPU
		{0759C0F0-AAED-4FCF-B180-31D03248C642}.Release|Any CPU.ActiveCfg = Release|Any CPU
		{0759C0F0-AAED-4FCF-B180-31D03248C642}.Release|Any CPU.Build.0 = Release|Any CPU
		{0759C0F0-AAED-4FCF-B180-31D03248C642}.Release|x64.ActiveCfg = Release|Any CPU
		{0759C0F0-AAED-4FCF-B180-31D03248C642}.Release|x64.Build.0 = Release|Any CPU
		{0759C0F0-AAED-4FCF-B180-31D03248C642}.Release|x86.ActiveCfg = Release|Any CPU
		{0759C0F0-AAED-4FCF-B180-31D03248C642}.Release|x86.Build.0 = Release|Any CPU
	EndGlobalSection
EndGlobal
